
Microsoft Visual Studio Solution File, Format Version 12.00
# Visual Studio Version 17
VisualStudioVersion = 17.6.33829.357
MinimumVisualStudioVersion = 10.0.40219.1
Project("{9A19103F-16F7-4668-BE54-9A1E7A4F7556}") = "Core", "Core\Core.csproj", "{5A224190-0629-4FEB-B31F-AACA604F01F2}"
EndProject
Project("{9A19103F-16F7-4668-BE54-9A1E7A4F7556}") = "DataAccess", "DataAccess\DataAccess.csproj", "{7453E4EA-DA6F-4A8E-AEB0-33BD57228EA4}"
EndProject
Project("{9A19103F-16F7-4668-BE54-9A1E7A4F7556}") = "Business", "Business\Business.csproj", "{EA1FD062-E963-43CB-B662-911BC14BEFCE}"
EndProject
Project("{9A19103F-16F7-4668-BE54-9A1E7A4F7556}") = "WebApplication2", "WebApplication2\WebApplication2.csproj", "{8ECE361D-33BF-408F-AE9D-C16B509DFF7C}"
EndProject
Project("{9A19103F-16F7-4668-BE54-9A1E7A4F7556}") = "Entity", "Entity\Entity.csproj", "{AFCD0FD9-8B98-471E-93C9-B07E719C93A6}"
EndProject
Global
	GlobalSection(SolutionConfigurationPlatforms) = preSolution
		Debug|Any CPU = Debug|Any CPU
		Release|Any CPU = Release|Any CPU
	EndGlobalSection
	GlobalSection(ProjectConfigurationPlatforms) = postSolution
		{5A224190-0629-4FEB-B31F-AACA604F01F2}.Debug|Any CPU.ActiveCfg = Debug|Any CPU
		{5A224190-0629-4FEB-B31F-AACA604F01F2}.Debug|Any CPU.Build.0 = Debug|Any CPU
		{5A224190-0629-4FEB-B31F-AACA604F01F2}.Release|Any CPU.ActiveCfg = Release|Any CPU
		{5A224190-0629-4FEB-B31F-AACA604F01F2}.Release|Any CPU.Build.0 = Release|Any CPU
		{7453E4EA-DA6F-4A8E-AEB0-33BD57228EA4}.Debug|Any CPU.ActiveCfg = Debug|Any CPU
		{7453E4EA-DA6F-4A8E-AEB0-33BD57228EA4}.Debug|Any CPU.Build.0 = Debug|Any CPU
		{7453E4EA-DA6F-4A8E-AEB0-33BD57228EA4}.Release|Any CPU.ActiveCfg = Release|Any CPU
		{7453E4EA-DA6F-4A8E-AEB0-33BD57228EA4}.Release|Any CPU.Build.0 = Release|Any CPU
		{EA1FD062-E963-43CB-B662-911BC14BEFCE}.Debug|Any CPU.ActiveCfg = Debug|Any CPU
		{EA1FD062-E963-43CB-B662-911BC14BEFCE}.Debug|Any CPU.Build.0 = Debug|Any CPU
		{EA1FD062-E963-43CB-B662-911BC14BEFCE}.Release|Any CPU.ActiveCfg = Release|Any CPU
		{EA1FD062-E963-43CB-B662-911BC14BEFCE}.Release|Any CPU.Build.0 = Release|Any CPU
		{8ECE361D-33BF-408F-AE9D-C16B509DFF7C}.Debug|Any CPU.ActiveCfg = Debug|Any CPU
		{8ECE361D-33BF-408F-AE9D-C16B509DFF7C}.Debug|Any CPU.Build.0 = Debug|Any CPU
		{8ECE361D-33BF-408F-AE9D-C16B509DFF7C}.Release|Any CPU.ActiveCfg = Release|Any CPU
		{8ECE361D-33BF-408F-AE9D-C16B509DFF7C}.Release|Any CPU.Build.0 = Release|Any CPU
		{AFCD0FD9-8B98-471E-93C9-B07E719C93A6}.Debug|Any CPU.ActiveCfg = Debug|Any CPU
		{AFCD0FD9-8B98-471E-93C9-B07E719C93A6}.Debug|Any CPU.Build.0 = Debug|Any CPU
		{AFCD0FD9-8B98-471E-93C9-B07E719C93A6}.Release|Any CPU.ActiveCfg = Release|Any CPU
		{AFCD0FD9-8B98-471E-93C9-B07E719C93A6}.Release|Any CPU.Build.0 = Release|Any CPU
	EndGlobalSection
	GlobalSection(SolutionProperties) = preSolution
		HideSolutionNode = FALSE
	EndGlobalSection
	GlobalSection(ExtensibilityGlobals) = postSolution
		SolutionGuid = {9947A4B0-18A3-46C7-85F0-6747B8626432}
	EndGlobalSection
EndGlobal
